
Microsoft Visual Studio Solution File, Format Version 12.00
# Visual Studio 15
VisualStudioVersion = 15.0.27703.2026
MinimumVisualStudioVersion = 10.0.40219.1
Project("{9A19103F-16F7-4668-BE54-9A1E7A4F7556}") = "UseNamedArguments.Tests", "UseNamedArguments.Tests\UseNamedArguments.Tests.csproj", "{F1C00D23-4961-4E42-9DB5-8424BC80A884}"
EndProject
Project("{9A19103F-16F7-4668-BE54-9A1E7A4F7556}") = "UseNamedArguments", "UseNamedArguments\UseNamedArguments.csproj", "{CAE17277-4EDF-49BF-B0E7-94A2CB1B33C2}"
EndProject
Project("{FAE04EC0-301F-11D3-BF4B-00C04F79EFBC}") = "UseNamedArguments.Vsix", "UseNamedArguments.Vsix\UseNamedArguments.Vsix.csproj", "{EE9B42DB-C522-4FA7-9329-5570B28B843F}"
EndProject
Project("{F2A71F9B-5D33-465A-A702-920D77279786}") = "UseNamedArgs", "UseNamedArgs\UseNamedArgs.fsproj", "{5E873C1F-1747-49D2-BC6D-50FD64FA5A9C}"
EndProject
Global
	GlobalSection(SolutionConfigurationPlatforms) = preSolution
		Debug|Any CPU = Debug|Any CPU
		Release|Any CPU = Release|Any CPU
	EndGlobalSection
	GlobalSection(ProjectConfigurationPlatforms) = postSolution
		{F1C00D23-4961-4E42-9DB5-8424BC80A884}.Debug|Any CPU.ActiveCfg = Debug|Any CPU
		{F1C00D23-4961-4E42-9DB5-8424BC80A884}.Debug|Any CPU.Build.0 = Debug|Any CPU
		{F1C00D23-4961-4E42-9DB5-8424BC80A884}.Release|Any CPU.ActiveCfg = Release|Any CPU
		{F1C00D23-4961-4E42-9DB5-8424BC80A884}.Release|Any CPU.Build.0 = Release|Any CPU
		{CAE17277-4EDF-49BF-B0E7-94A2CB1B33C2}.Debug|Any CPU.ActiveCfg = Debug|Any CPU
		{CAE17277-4EDF-49BF-B0E7-94A2CB1B33C2}.Debug|Any CPU.Build.0 = Debug|Any CPU
		{CAE17277-4EDF-49BF-B0E7-94A2CB1B33C2}.Release|Any CPU.ActiveCfg = Release|Any CPU
		{CAE17277-4EDF-49BF-B0E7-94A2CB1B33C2}.Release|Any CPU.Build.0 = Release|Any CPU
		{EE9B42DB-C522-4FA7-9329-5570B28B843F}.Debug|Any CPU.ActiveCfg = Debug|Any CPU
		{EE9B42DB-C522-4FA7-9329-5570B28B843F}.Debug|Any CPU.Build.0 = Debug|Any CPU
		{EE9B42DB-C522-4FA7-9329-5570B28B843F}.Release|Any CPU.ActiveCfg = Release|Any CPU
		{EE9B42DB-C522-4FA7-9329-5570B28B843F}.Release|Any CPU.Build.0 = Release|Any CPU
		{5E873C1F-1747-49D2-BC6D-50FD64FA5A9C}.Debug|Any CPU.ActiveCfg = Debug|Any CPU
		{5E873C1F-1747-49D2-BC6D-50FD64FA5A9C}.Debug|Any CPU.Build.0 = Debug|Any CPU
		{5E873C1F-1747-49D2-BC6D-50FD64FA5A9C}.Release|Any CPU.ActiveCfg = Release|Any CPU
		{5E873C1F-1747-49D2-BC6D-50FD64FA5A9C}.Release|Any CPU.Build.0 = Release|Any CPU
	EndGlobalSection
	GlobalSection(SolutionProperties) = preSolution
		HideSolutionNode = FALSE
	EndGlobalSection
	GlobalSection(ExtensibilityGlobals) = postSolution
		SolutionGuid = {429A169D-CDDA-46E9-BC87-E2E5695042DA}
	EndGlobalSection
EndGlobal
